
Microsoft Visual Studio Solution File, Format Version 12.00
Project("{FAE04EC0-301F-11D3-BF4B-00C04F79EFBC}") = "OOP_laba3", "OOP_laba3\OOP_laba3.csproj", "{7DD1C7F8-30F8-4B14-A852-53153DFC3DC7}"
EndProject
Project("{FAE04EC0-301F-11D3-BF4B-00C04F79EFBC}") = "AirportTests", "AirportTests\AirportTests.csproj", "{3CAD0885-2B14-443D-9D4A-1338ED1970D7}"
EndProject
Global
	GlobalSection(SolutionConfigurationPlatforms) = preSolution
		Debug|Any CPU = Debug|Any CPU
		Release|Any CPU = Release|Any CPU
	EndGlobalSection
	GlobalSection(ProjectConfigurationPlatforms) = postSolution
		{7DD1C7F8-30F8-4B14-A852-53153DFC3DC7}.Debug|Any CPU.ActiveCfg = Debug|Any CPU
		{7DD1C7F8-30F8-4B14-A852-53153DFC3DC7}.Debug|Any CPU.Build.0 = Debug|Any CPU
		{7DD1C7F8-30F8-4B14-A852-53153DFC3DC7}.Release|Any CPU.ActiveCfg = Release|Any CPU
		{7DD1C7F8-30F8-4B14-A852-53153DFC3DC7}.Release|Any CPU.Build.0 = Release|Any CPU
		{3CAD0885-2B14-443D-9D4A-1338ED1970D7}.Debug|Any CPU.ActiveCfg = Debug|Any CPU
		{3CAD0885-2B14-443D-9D4A-1338ED1970D7}.Debug|Any CPU.Build.0 = Debug|Any CPU
		{3CAD0885-2B14-443D-9D4A-1338ED1970D7}.Release|Any CPU.ActiveCfg = Release|Any CPU
		{3CAD0885-2B14-443D-9D4A-1338ED1970D7}.Release|Any CPU.Build.0 = Release|Any CPU
	EndGlobalSection
EndGlobal
